
Microsoft Visual Studio Solution File, Format Version 12.00
# Visual Studio Version 16
VisualStudioVersion = 16.0.31019.35
MinimumVisualStudioVersion = 10.0.40219.1
Project("{8BC9CEB8-8B4A-11D0-8D11-00A0C91BC942}") = "TP1", "TP1\TP1.vcxproj", "{F0D290C3-CA38-4269-9774-F4E64C27FCD8}"
EndProject
Global
	GlobalSection(SolutionConfigurationPlatforms) = preSolution
		Debug|x64 = Debug|x64
		Release|x64 = Release|x64
	EndGlobalSection
	GlobalSection(ProjectConfigurationPlatforms) = postSolution
		{F0D290C3-CA38-4269-9774-F4E64C27FCD8}.Debug|x64.ActiveCfg = Debug|Win32
		{F0D290C3-CA38-4269-9774-F4E64C27FCD8}.Debug|x64.Build.0 = Debug|Win32
		{F0D290C3-CA38-4269-9774-F4E64C27FCD8}.Release|x64.ActiveCfg = Release|Win32
		{F0D290C3-CA38-4269-9774-F4E64C27FCD8}.Release|x64.Build.0 = Release|Win32
	EndGlobalSection
	GlobalSection(SolutionProperties) = preSolution
		HideSolutionNode = FALSE
	EndGlobalSection
	GlobalSection(ExtensibilityGlobals) = postSolution
		SolutionGuid = {59E2E070-DAFF-4311-B02B-05B95597F0C0}
	EndGlobalSection
EndGlobal
